
Microsoft Visual Studio Solution File, Format Version 12.00
# Visual Studio Version 16
VisualStudioVersion = 16.0.29418.71
MinimumVisualStudioVersion = 10.0.40219.1
Project("{9A19103F-16F7-4668-BE54-9A1E7A4F7556}") = "0. Northwind", "Northwind\0. Northwind.csproj", "{2A8428FB-47D6-49A3-8844-1535634CD835}"
EndProject
Project("{9A19103F-16F7-4668-BE54-9A1E7A4F7556}") = "0. Factory", "0. Factory\0. Factory.csproj", "{647DEB4E-8A97-48A6-9027-3DC88C99EA0E}"
EndProject
Project("{9A19103F-16F7-4668-BE54-9A1E7A4F7556}") = "1. Data Layer Abstraction", "1. Data Layer Abstraction\1. Data Layer Abstraction.csproj", "{761FE8D8-A7FB-4DA9-9826-BB2B0FB6CBD0}"
EndProject
Project("{9A19103F-16F7-4668-BE54-9A1E7A4F7556}") = "0. Models", "0. Models\0. Models.csproj", "{8A87C9AF-44E5-41C2-8399-EA5BB4272290}"
EndProject
Project("{9A19103F-16F7-4668-BE54-9A1E7A4F7556}") = "2. Data Layer", "2. Data Layer\2. Data Layer.csproj", "{30FBEC26-5DBA-4DF1-B709-333C975D9CF4}"
EndProject
Project("{9A19103F-16F7-4668-BE54-9A1E7A4F7556}") = "Assignment4.Tests", "Assignment4.Tests\Assignment4.Tests.csproj", "{186EB63C-9B0F-406D-813C-75DBCA181E15}"
EndProject
Global
	GlobalSection(SolutionConfigurationPlatforms) = preSolution
		Debug|Any CPU = Debug|Any CPU
		Release|Any CPU = Release|Any CPU
	EndGlobalSection
	GlobalSection(ProjectConfigurationPlatforms) = postSolution
		{2A8428FB-47D6-49A3-8844-1535634CD835}.Debug|Any CPU.ActiveCfg = Debug|Any CPU
		{2A8428FB-47D6-49A3-8844-1535634CD835}.Debug|Any CPU.Build.0 = Debug|Any CPU
		{2A8428FB-47D6-49A3-8844-1535634CD835}.Release|Any CPU.ActiveCfg = Release|Any CPU
		{2A8428FB-47D6-49A3-8844-1535634CD835}.Release|Any CPU.Build.0 = Release|Any CPU
		{647DEB4E-8A97-48A6-9027-3DC88C99EA0E}.Debug|Any CPU.ActiveCfg = Debug|Any CPU
		{647DEB4E-8A97-48A6-9027-3DC88C99EA0E}.Debug|Any CPU.Build.0 = Debug|Any CPU
		{647DEB4E-8A97-48A6-9027-3DC88C99EA0E}.Release|Any CPU.ActiveCfg = Release|Any CPU
		{647DEB4E-8A97-48A6-9027-3DC88C99EA0E}.Release|Any CPU.Build.0 = Release|Any CPU
		{761FE8D8-A7FB-4DA9-9826-BB2B0FB6CBD0}.Debug|Any CPU.ActiveCfg = Debug|Any CPU
		{761FE8D8-A7FB-4DA9-9826-BB2B0FB6CBD0}.Debug|Any CPU.Build.0 = Debug|Any CPU
		{761FE8D8-A7FB-4DA9-9826-BB2B0FB6CBD0}.Release|Any CPU.ActiveCfg = Release|Any CPU
		{761FE8D8-A7FB-4DA9-9826-BB2B0FB6CBD0}.Release|Any CPU.Build.0 = Release|Any CPU
		{8A87C9AF-44E5-41C2-8399-EA5BB4272290}.Debug|Any CPU.ActiveCfg = Debug|Any CPU
		{8A87C9AF-44E5-41C2-8399-EA5BB4272290}.Debug|Any CPU.Build.0 = Debug|Any CPU
		{8A87C9AF-44E5-41C2-8399-EA5BB4272290}.Release|Any CPU.ActiveCfg = Release|Any CPU
		{8A87C9AF-44E5-41C2-8399-EA5BB4272290}.Release|Any CPU.Build.0 = Release|Any CPU
		{30FBEC26-5DBA-4DF1-B709-333C975D9CF4}.Debug|Any CPU.ActiveCfg = Debug|Any CPU
		{30FBEC26-5DBA-4DF1-B709-333C975D9CF4}.Debug|Any CPU.Build.0 = Debug|Any CPU
		{30FBEC26-5DBA-4DF1-B709-333C975D9CF4}.Release|Any CPU.ActiveCfg = Release|Any CPU
		{30FBEC26-5DBA-4DF1-B709-333C975D9CF4}.Release|Any CPU.Build.0 = Release|Any CPU
		{186EB63C-9B0F-406D-813C-75DBCA181E15}.Debug|Any CPU.ActiveCfg = Debug|Any CPU
		{186EB63C-9B0F-406D-813C-75DBCA181E15}.Debug|Any CPU.Build.0 = Debug|Any CPU
		{186EB63C-9B0F-406D-813C-75DBCA181E15}.Release|Any CPU.ActiveCfg = Release|Any CPU
		{186EB63C-9B0F-406D-813C-75DBCA181E15}.Release|Any CPU.Build.0 = Release|Any CPU
	EndGlobalSection
	GlobalSection(SolutionProperties) = preSolution
		HideSolutionNode = FALSE
	EndGlobalSection
	GlobalSection(ExtensibilityGlobals) = postSolution
		SolutionGuid = {C1FB2065-23A8-4838-8135-58E502F759E7}
	EndGlobalSection
EndGlobal
